
Microsoft Visual Studio Solution File, Format Version 12.00
# Visual Studio 15
VisualStudioVersion = 15.0.28307.329
MinimumVisualStudioVersion = 10.0.40219.1
Project("{FAE04EC0-301F-11D3-BF4B-00C04F79EFBC}") = "MyCoreApp", "MyCoreApp\MyCoreApp.csproj", "{00B28DE8-0E60-477B-978F-4D84A991CD91}"
EndProject
Global
	GlobalSection(SolutionConfigurationPlatforms) = preSolution
		Debug|Any CPU = Debug|Any CPU
		Release|Any CPU = Release|Any CPU
	EndGlobalSection
	GlobalSection(ProjectConfigurationPlatforms) = postSolution
		{00B28DE8-0E60-477B-978F-4D84A991CD91}.Debug|Any CPU.ActiveCfg = Debug|Any CPU
		{00B28DE8-0E60-477B-978F-4D84A991CD91}.Debug|Any CPU.Build.0 = Debug|Any CPU
		{00B28DE8-0E60-477B-978F-4D84A991CD91}.Release|Any CPU.ActiveCfg = Release|Any CPU
		{00B28DE8-0E60-477B-978F-4D84A991CD91}.Release|Any CPU.Build.0 = Release|Any CPU
	EndGlobalSection
	GlobalSection(SolutionProperties) = preSolution
		HideSolutionNode = FALSE
	EndGlobalSection
	GlobalSection(ExtensibilityGlobals) = postSolution
		SolutionGuid = {21CB316B-3009-4434-83FF-FA1796E47C60}
	EndGlobalSection
EndGlobal
